
Microsoft Visual Studio Solution File, Format Version 12.00
# Visual Studio Version 17
VisualStudioVersion = 17.7.34031.279
MinimumVisualStudioVersion = 10.0.40219.1
Project("{FAE04EC0-301F-11D3-BF4B-00C04F79EFBC}") = "D365.Testing.FakeXrmEasy", "D365.Testing.FakeXrmEasy\D365.Testing.FakeXrmEasy.csproj", "{ABB53F94-20D4-462F-89C0-C7200C269B23}"
EndProject
Project("{FAE04EC0-301F-11D3-BF4B-00C04F79EFBC}") = "D365.Testing.SamplePlugin", "D365.Testing.SamplePlugin\D365.Testing.SamplePlugin.csproj", "{7B3D7A76-9FB9-4C78-90B0-3D4C409517DF}"
EndProject
Global
	GlobalSection(SolutionConfigurationPlatforms) = preSolution
		Debug|Any CPU = Debug|Any CPU
		Release|Any CPU = Release|Any CPU
	EndGlobalSection
	GlobalSection(ProjectConfigurationPlatforms) = postSolution
		{ABB53F94-20D4-462F-89C0-C7200C269B23}.Debug|Any CPU.ActiveCfg = Debug|Any CPU
		{ABB53F94-20D4-462F-89C0-C7200C269B23}.Debug|Any CPU.Build.0 = Debug|Any CPU
		{ABB53F94-20D4-462F-89C0-C7200C269B23}.Release|Any CPU.ActiveCfg = Release|Any CPU
		{ABB53F94-20D4-462F-89C0-C7200C269B23}.Release|Any CPU.Build.0 = Release|Any CPU
		{7B3D7A76-9FB9-4C78-90B0-3D4C409517DF}.Debug|Any CPU.ActiveCfg = Debug|Any CPU
		{7B3D7A76-9FB9-4C78-90B0-3D4C409517DF}.Debug|Any CPU.Build.0 = Debug|Any CPU
		{7B3D7A76-9FB9-4C78-90B0-3D4C409517DF}.Release|Any CPU.ActiveCfg = Release|Any CPU
		{7B3D7A76-9FB9-4C78-90B0-3D4C409517DF}.Release|Any CPU.Build.0 = Release|Any CPU
	EndGlobalSection
	GlobalSection(SolutionProperties) = preSolution
		HideSolutionNode = FALSE
	EndGlobalSection
	GlobalSection(ExtensibilityGlobals) = postSolution
		SolutionGuid = {D69838BC-791E-43A4-8E9B-E249124EF639}
	EndGlobalSection
EndGlobal
