
Microsoft Visual Studio Solution File, Format Version 12.00
# Visual Studio Version 17
VisualStudioVersion = 17.7.34031.279
MinimumVisualStudioVersion = 10.0.40219.1
Project("{FAE04EC0-301F-11D3-BF4B-00C04F79EFBC}") = "D365.Testing.FakeXrmEasy", "D365.Testing.FakeXrmEasy\D365.Testing.FakeXrmEasy.csproj", "{ABB53F94-20D4-462F-89C0-C7200C269B23}"
EndProject
Project("{FAE04EC0-301F-11D3-BF4B-00C04F79EFBC}") = "D365.SamplePlugin", "D365.Testing.SamplePlugin\D365.SamplePlugin.csproj", "{7B3D7A76-9FB9-4C78-90B0-3D4C409517DF}"
EndProject
Project("{FAE04EC0-301F-11D3-BF4B-00C04F79EFBC}") = "Dynamics365.Monitoring.Plugins", "Dynamics365.Monitoring.Plugins\Dynamics365.Monitoring.Plugins.csproj", "{DF9F0213-6C0F-41C3-9C35-5078301EDFD0}"
EndProject
Project("{2150E333-8FDC-42A3-9474-1A3956D46DE8}") = "TestPlugins", "TestPlugins", "{99CACD6A-1377-4221-A88A-04352BE1BFC2}"
EndProject
Project("{2150E333-8FDC-42A3-9474-1A3956D46DE8}") = "Framework", "Framework", "{CBA91539-AC4A-4807-9A57-88CAE1B863FA}"
EndProject
Project("{2150E333-8FDC-42A3-9474-1A3956D46DE8}") = "Tests", "Tests", "{E65DF595-4E2C-441B-9FA8-A0A2AE1EFCC7}"
EndProject
Project("{FAE04EC0-301F-11D3-BF4B-00C04F79EFBC}") = "Dynamics365.UnitTest.Plugin.Framework", "Dynamics365.UnitTest.Plugin.Framework\Dynamics365.UnitTest.Plugin.Framework.csproj", "{73F82DDD-1E2E-4C14-8C01-BB1D8CCE45A8}"
EndProject
Project("{FAE04EC0-301F-11D3-BF4B-00C04F79EFBC}") = "Dynamics365.Sales.CPQ.Plugins", "Dynamics365.Sales.CPQ.Plugins\Dynamics365.Sales.CPQ.Plugins.csproj", "{5342A2E0-02C5-419D-8984-555510CFA14F}"
EndProject
Project("{FAE04EC0-301F-11D3-BF4B-00C04F79EFBC}") = "Dynamics365.Sales.QTC.Plugins", "Dynamics365.Sales.QTC.Plugins\Dynamics365.Sales.QTC.Plugins.csproj", "{7ACD4058-C01D-4C14-900D-7B72099A6F66}"
EndProject
Project("{2150E333-8FDC-42A3-9474-1A3956D46DE8}") = "Documentation", "Documentation", "{17B52A49-F1D3-4F56-8BB5-30873BE625B0}"
	ProjectSection(SolutionItems) = preProject
		FakeXrmEasy-v1.md = FakeXrmEasy-v1.md
		UnitTestBestPractices.md = UnitTestBestPractices.md
	EndProjectSection
EndProject
Project("{FAE04EC0-301F-11D3-BF4B-00C04F79EFBC}") = "D365.Testing.FakeXrmEasy.V1.Examples", "D365.Testing.FakeXrmEasy.V1.Examples\D365.Testing.FakeXrmEasy.V1.Examples.csproj", "{109BAABC-A1C4-4710-A1E0-FA7DEC7B907A}"
EndProject
Project("{9A19103F-16F7-4668-BE54-9A1E7A4F7556}") = "D365.UnitTests.Copilot", "D365.UnitTests.Copilot\D365.UnitTests.Copilot.csproj", "{21C6A2DA-22D9-461A-BF93-18580260D2AF}"
EndProject
Project("{FAE04EC0-301F-11D3-BF4B-00C04F79EFBC}") = "D365.UnitTests.DotNetFramework", "D365.UnitTests.DotNetFramework\D365.UnitTests.DotNetFramework.csproj", "{61510261-037C-4711-A454-1373CA8B4F81}"
EndProject
Global
	GlobalSection(SolutionConfigurationPlatforms) = preSolution
		Debug|Any CPU = Debug|Any CPU
		Release|Any CPU = Release|Any CPU
	EndGlobalSection
	GlobalSection(ProjectConfigurationPlatforms) = postSolution
		{ABB53F94-20D4-462F-89C0-C7200C269B23}.Debug|Any CPU.ActiveCfg = Debug|Any CPU
		{ABB53F94-20D4-462F-89C0-C7200C269B23}.Debug|Any CPU.Build.0 = Debug|Any CPU
		{ABB53F94-20D4-462F-89C0-C7200C269B23}.Release|Any CPU.ActiveCfg = Release|Any CPU
		{ABB53F94-20D4-462F-89C0-C7200C269B23}.Release|Any CPU.Build.0 = Release|Any CPU
		{7B3D7A76-9FB9-4C78-90B0-3D4C409517DF}.Debug|Any CPU.ActiveCfg = Debug|Any CPU
		{7B3D7A76-9FB9-4C78-90B0-3D4C409517DF}.Debug|Any CPU.Build.0 = Debug|Any CPU
		{7B3D7A76-9FB9-4C78-90B0-3D4C409517DF}.Release|Any CPU.ActiveCfg = Release|Any CPU
		{7B3D7A76-9FB9-4C78-90B0-3D4C409517DF}.Release|Any CPU.Build.0 = Release|Any CPU
		{DF9F0213-6C0F-41C3-9C35-5078301EDFD0}.Debug|Any CPU.ActiveCfg = Debug|Any CPU
		{DF9F0213-6C0F-41C3-9C35-5078301EDFD0}.Debug|Any CPU.Build.0 = Debug|Any CPU
		{DF9F0213-6C0F-41C3-9C35-5078301EDFD0}.Release|Any CPU.ActiveCfg = Release|Any CPU
		{DF9F0213-6C0F-41C3-9C35-5078301EDFD0}.Release|Any CPU.Build.0 = Release|Any CPU
		{73F82DDD-1E2E-4C14-8C01-BB1D8CCE45A8}.Debug|Any CPU.ActiveCfg = Debug|Any CPU
		{73F82DDD-1E2E-4C14-8C01-BB1D8CCE45A8}.Debug|Any CPU.Build.0 = Debug|Any CPU
		{73F82DDD-1E2E-4C14-8C01-BB1D8CCE45A8}.Release|Any CPU.ActiveCfg = Release|Any CPU
		{73F82DDD-1E2E-4C14-8C01-BB1D8CCE45A8}.Release|Any CPU.Build.0 = Release|Any CPU
		{5342A2E0-02C5-419D-8984-555510CFA14F}.Debug|Any CPU.ActiveCfg = Debug|Any CPU
		{5342A2E0-02C5-419D-8984-555510CFA14F}.Debug|Any CPU.Build.0 = Debug|Any CPU
		{5342A2E0-02C5-419D-8984-555510CFA14F}.Release|Any CPU.ActiveCfg = Release|Any CPU
		{5342A2E0-02C5-419D-8984-555510CFA14F}.Release|Any CPU.Build.0 = Release|Any CPU
		{7ACD4058-C01D-4C14-900D-7B72099A6F66}.Debug|Any CPU.ActiveCfg = Debug|Any CPU
		{7ACD4058-C01D-4C14-900D-7B72099A6F66}.Debug|Any CPU.Build.0 = Debug|Any CPU
		{7ACD4058-C01D-4C14-900D-7B72099A6F66}.Release|Any CPU.ActiveCfg = Release|Any CPU
		{7ACD4058-C01D-4C14-900D-7B72099A6F66}.Release|Any CPU.Build.0 = Release|Any CPU
		{109BAABC-A1C4-4710-A1E0-FA7DEC7B907A}.Debug|Any CPU.ActiveCfg = Debug|Any CPU
		{109BAABC-A1C4-4710-A1E0-FA7DEC7B907A}.Debug|Any CPU.Build.0 = Debug|Any CPU
		{109BAABC-A1C4-4710-A1E0-FA7DEC7B907A}.Release|Any CPU.ActiveCfg = Release|Any CPU
		{109BAABC-A1C4-4710-A1E0-FA7DEC7B907A}.Release|Any CPU.Build.0 = Release|Any CPU
		{21C6A2DA-22D9-461A-BF93-18580260D2AF}.Debug|Any CPU.ActiveCfg = Debug|Any CPU
		{21C6A2DA-22D9-461A-BF93-18580260D2AF}.Debug|Any CPU.Build.0 = Debug|Any CPU
		{21C6A2DA-22D9-461A-BF93-18580260D2AF}.Release|Any CPU.ActiveCfg = Release|Any CPU
		{21C6A2DA-22D9-461A-BF93-18580260D2AF}.Release|Any CPU.Build.0 = Release|Any CPU
		{61510261-037C-4711-A454-1373CA8B4F81}.Debug|Any CPU.ActiveCfg = Debug|Any CPU
		{61510261-037C-4711-A454-1373CA8B4F81}.Debug|Any CPU.Build.0 = Debug|Any CPU
		{61510261-037C-4711-A454-1373CA8B4F81}.Release|Any CPU.ActiveCfg = Release|Any CPU
		{61510261-037C-4711-A454-1373CA8B4F81}.Release|Any CPU.Build.0 = Release|Any CPU
	EndGlobalSection
	GlobalSection(SolutionProperties) = preSolution
		HideSolutionNode = FALSE
	EndGlobalSection
	GlobalSection(NestedProjects) = preSolution
		{ABB53F94-20D4-462F-89C0-C7200C269B23} = {E65DF595-4E2C-441B-9FA8-A0A2AE1EFCC7}
		{7B3D7A76-9FB9-4C78-90B0-3D4C409517DF} = {99CACD6A-1377-4221-A88A-04352BE1BFC2}
		{DF9F0213-6C0F-41C3-9C35-5078301EDFD0} = {99CACD6A-1377-4221-A88A-04352BE1BFC2}
		{73F82DDD-1E2E-4C14-8C01-BB1D8CCE45A8} = {CBA91539-AC4A-4807-9A57-88CAE1B863FA}
		{5342A2E0-02C5-419D-8984-555510CFA14F} = {99CACD6A-1377-4221-A88A-04352BE1BFC2}
		{7ACD4058-C01D-4C14-900D-7B72099A6F66} = {99CACD6A-1377-4221-A88A-04352BE1BFC2}
		{109BAABC-A1C4-4710-A1E0-FA7DEC7B907A} = {E65DF595-4E2C-441B-9FA8-A0A2AE1EFCC7}
		{21C6A2DA-22D9-461A-BF93-18580260D2AF} = {E65DF595-4E2C-441B-9FA8-A0A2AE1EFCC7}
		{61510261-037C-4711-A454-1373CA8B4F81} = {E65DF595-4E2C-441B-9FA8-A0A2AE1EFCC7}
	EndGlobalSection
	GlobalSection(ExtensibilityGlobals) = postSolution
		SolutionGuid = {D69838BC-791E-43A4-8E9B-E249124EF639}
	EndGlobalSection
EndGlobal
